
Microsoft Visual Studio Solution File, Format Version 12.00
# Visual Studio Version 17
VisualStudioVersion = 17.8.34330.188
MinimumVisualStudioVersion = 10.0.40219.1
Project("{FAE04EC0-301F-11D3-BF4B-00C04F79EFBC}") = "PROJE_SQL_DB", "PROJE_SQL_DB\PROJE_SQL_DB.csproj", "{BD442A47-538C-43D3-9027-AAAA68B04FB7}"
EndProject
Global
	GlobalSection(SolutionConfigurationPlatforms) = preSolution
		Debug|Any CPU = Debug|Any CPU
		Release|Any CPU = Release|Any CPU
	EndGlobalSection
	GlobalSection(ProjectConfigurationPlatforms) = postSolution
		{BD442A47-538C-43D3-9027-AAAA68B04FB7}.Debug|Any CPU.ActiveCfg = Debug|Any CPU
		{BD442A47-538C-43D3-9027-AAAA68B04FB7}.Debug|Any CPU.Build.0 = Debug|Any CPU
		{BD442A47-538C-43D3-9027-AAAA68B04FB7}.Release|Any CPU.ActiveCfg = Release|Any CPU
		{BD442A47-538C-43D3-9027-AAAA68B04FB7}.Release|Any CPU.Build.0 = Release|Any CPU
	EndGlobalSection
	GlobalSection(SolutionProperties) = preSolution
		HideSolutionNode = FALSE
	EndGlobalSection
	GlobalSection(ExtensibilityGlobals) = postSolution
		SolutionGuid = {F6B5417F-DDBA-4F31-BD9C-11E882482D93}
	EndGlobalSection
EndGlobal
